
Microsoft Visual Studio Solution File, Format Version 12.00
# Visual Studio Version 17
VisualStudioVersion = 17.1.32228.430
MinimumVisualStudioVersion = 10.0.40219.1
Project("{9A19103F-16F7-4668-BE54-9A1E7A4F7556}") = "GeolocatorService", "src\GeolocatorService\GeolocatorService.csproj", "{0F4F3AD4-6264-434E-AF84-4408E6381EA9}"
EndProject
Project("{D954291E-2A0B-460D-934E-DC6B0785DB48}") = "GeolocatorService.Samples.Shared", "src\GeolocatorService.Samples\GeolocatorService.Samples.Shared\GeolocatorService.Samples.Shared.shproj", "{6279C845-92F8-4333-AB99-3D213163593C}"
EndProject
Project("{2150E333-8FDC-42A3-9474-1A3956D46DE8}") = "Samples", "Samples", "{C44797EE-F598-44A8-9620-7D9A1FA012C6}"
EndProject
Project("{2150E333-8FDC-42A3-9474-1A3956D46DE8}") = "Library", "Library", "{FFE6CC9A-14CF-4490-BD95-1824939528DC}"
EndProject
Project("{9A19103F-16F7-4668-BE54-9A1E7A4F7556}") = "GeolocatorService.Uno.WinUI", "src\GeolocatorService.Uno.WinUI\GeolocatorService.Uno.WinUI.csproj", "{02DA3557-9634-4F4A-BDDA-3CBB4D177FA8}"
EndProject
Project("{9A19103F-16F7-4668-BE54-9A1E7A4F7556}") = "GeolocatorService.Reactive.Uno.WinUI", "src\GeolocatorService.Reactive.Uno.WinUI\GeolocatorService.Reactive.Uno.WinUI.csproj", "{7FA6FBE0-F56C-4600-A52D-FF6A1B393FA3}"
EndProject
Project("{D954291E-2A0B-460D-934E-DC6B0785DB48}") = "GeolocatorService.Shared", "src\GeolocatorService.Shared\GeolocatorService.Shared.shproj", "{84F0F4C5-C882-45D7-BF18-F24DC56F6DA9}"
EndProject
Project("{D954291E-2A0B-460D-934E-DC6B0785DB48}") = "GeolocatorService.Reactive.Shared", "src\GeolocatorService.Reactive.Shared\GeolocatorService.Reactive.Shared.shproj", "{3042C0B4-7E9C-49BA-890B-DADDBFA76D85}"
EndProject
Project("{9A19103F-16F7-4668-BE54-9A1E7A4F7556}") = "GeolocatorService.Abstractions", "src\GeolocatorService.Abstractions\GeolocatorService.Abstractions.csproj", "{140C9950-099A-44E2-8627-9644733D6C3F}"
EndProject
Global
	GlobalSection(SolutionConfigurationPlatforms) = preSolution
		Ad-Hoc|Any CPU = Ad-Hoc|Any CPU
		Ad-Hoc|ARM = Ad-Hoc|ARM
		Ad-Hoc|ARM64 = Ad-Hoc|ARM64
		Ad-Hoc|iPhone = Ad-Hoc|iPhone
		Ad-Hoc|iPhoneSimulator = Ad-Hoc|iPhoneSimulator
		Ad-Hoc|NuGet = Ad-Hoc|NuGet
		Ad-Hoc|x64 = Ad-Hoc|x64
		Ad-Hoc|x86 = Ad-Hoc|x86
		AppStore|Any CPU = AppStore|Any CPU
		AppStore|ARM = AppStore|ARM
		AppStore|ARM64 = AppStore|ARM64
		AppStore|iPhone = AppStore|iPhone
		AppStore|iPhoneSimulator = AppStore|iPhoneSimulator
		AppStore|NuGet = AppStore|NuGet
		AppStore|x64 = AppStore|x64
		AppStore|x86 = AppStore|x86
		Debug|Any CPU = Debug|Any CPU
		Debug|ARM = Debug|ARM
		Debug|ARM64 = Debug|ARM64
		Debug|iPhone = Debug|iPhone
		Debug|iPhoneSimulator = Debug|iPhoneSimulator
		Debug|NuGet = Debug|NuGet
		Debug|x64 = Debug|x64
		Debug|x86 = Debug|x86
		Release|Any CPU = Release|Any CPU
		Release|ARM = Release|ARM
		Release|ARM64 = Release|ARM64
		Release|iPhone = Release|iPhone
		Release|iPhoneSimulator = Release|iPhoneSimulator
		Release|NuGet = Release|NuGet
		Release|x64 = Release|x64
		Release|x86 = Release|x86
	EndGlobalSection
	GlobalSection(ProjectConfigurationPlatforms) = postSolution
		{0F4F3AD4-6264-434E-AF84-4408E6381EA9}.Ad-Hoc|Any CPU.ActiveCfg = Release|Any CPU
		{0F4F3AD4-6264-434E-AF84-4408E6381EA9}.Ad-Hoc|Any CPU.Build.0 = Release|Any CPU
		{0F4F3AD4-6264-434E-AF84-4408E6381EA9}.Ad-Hoc|ARM.ActiveCfg = Release|Any CPU
		{0F4F3AD4-6264-434E-AF84-4408E6381EA9}.Ad-Hoc|ARM.Build.0 = Release|Any CPU
		{0F4F3AD4-6264-434E-AF84-4408E6381EA9}.Ad-Hoc|ARM64.ActiveCfg = Release|Any CPU
		{0F4F3AD4-6264-434E-AF84-4408E6381EA9}.Ad-Hoc|ARM64.Build.0 = Release|Any CPU
		{0F4F3AD4-6264-434E-AF84-4408E6381EA9}.Ad-Hoc|iPhone.ActiveCfg = Release|Any CPU
		{0F4F3AD4-6264-434E-AF84-4408E6381EA9}.Ad-Hoc|iPhone.Build.0 = Release|Any CPU
		{0F4F3AD4-6264-434E-AF84-4408E6381EA9}.Ad-Hoc|iPhoneSimulator.ActiveCfg = Release|Any CPU
		{0F4F3AD4-6264-434E-AF84-4408E6381EA9}.Ad-Hoc|iPhoneSimulator.Build.0 = Release|Any CPU
		{0F4F3AD4-6264-434E-AF84-4408E6381EA9}.Ad-Hoc|NuGet.ActiveCfg = Release|Any CPU
		{0F4F3AD4-6264-434E-AF84-4408E6381EA9}.Ad-Hoc|NuGet.Build.0 = Release|Any CPU
		{0F4F3AD4-6264-434E-AF84-4408E6381EA9}.Ad-Hoc|x64.ActiveCfg = Release|Any CPU
		{0F4F3AD4-6264-434E-AF84-4408E6381EA9}.Ad-Hoc|x64.Build.0 = Release|Any CPU
		{0F4F3AD4-6264-434E-AF84-4408E6381EA9}.Ad-Hoc|x86.ActiveCfg = Release|Any CPU
		{0F4F3AD4-6264-434E-AF84-4408E6381EA9}.Ad-Hoc|x86.Build.0 = Release|Any CPU
		{0F4F3AD4-6264-434E-AF84-4408E6381EA9}.AppStore|Any CPU.ActiveCfg = Release|Any CPU
		{0F4F3AD4-6264-434E-AF84-4408E6381EA9}.AppStore|Any CPU.Build.0 = Release|Any CPU
		{0F4F3AD4-6264-434E-AF84-4408E6381EA9}.AppStore|ARM.ActiveCfg = Release|Any CPU
		{0F4F3AD4-6264-434E-AF84-4408E6381EA9}.AppStore|ARM.Build.0 = Release|Any CPU
		{0F4F3AD4-6264-434E-AF84-4408E6381EA9}.AppStore|ARM64.ActiveCfg = Release|Any CPU
		{0F4F3AD4-6264-434E-AF84-4408E6381EA9}.AppStore|ARM64.Build.0 = Release|Any CPU
		{0F4F3AD4-6264-434E-AF84-4408E6381EA9}.AppStore|iPhone.ActiveCfg = Release|Any CPU
		{0F4F3AD4-6264-434E-AF84-4408E6381EA9}.AppStore|iPhone.Build.0 = Release|Any CPU
		{0F4F3AD4-6264-434E-AF84-4408E6381EA9}.AppStore|iPhoneSimulator.ActiveCfg = Release|Any CPU
		{0F4F3AD4-6264-434E-AF84-4408E6381EA9}.AppStore|iPhoneSimulator.Build.0 = Release|Any CPU
		{0F4F3AD4-6264-434E-AF84-4408E6381EA9}.AppStore|NuGet.ActiveCfg = Release|Any CPU
		{0F4F3AD4-6264-434E-AF84-4408E6381EA9}.AppStore|NuGet.Build.0 = Release|Any CPU
		{0F4F3AD4-6264-434E-AF84-4408E6381EA9}.AppStore|x64.ActiveCfg = Release|Any CPU
		{0F4F3AD4-6264-434E-AF84-4408E6381EA9}.AppStore|x64.Build.0 = Release|Any CPU
		{0F4F3AD4-6264-434E-AF84-4408E6381EA9}.AppStore|x86.ActiveCfg = Release|Any CPU
		{0F4F3AD4-6264-434E-AF84-4408E6381EA9}.AppStore|x86.Build.0 = Release|Any CPU
		{0F4F3AD4-6264-434E-AF84-4408E6381EA9}.Debug|Any CPU.ActiveCfg = Debug|Any CPU
		{0F4F3AD4-6264-434E-AF84-4408E6381EA9}.Debug|Any CPU.Build.0 = Debug|Any CPU
		{0F4F3AD4-6264-434E-AF84-4408E6381EA9}.Debug|ARM.ActiveCfg = Debug|Any CPU
		{0F4F3AD4-6264-434E-AF84-4408E6381EA9}.Debug|ARM.Build.0 = Debug|Any CPU
		{0F4F3AD4-6264-434E-AF84-4408E6381EA9}.Debug|ARM64.ActiveCfg = Debug|Any CPU
		{0F4F3AD4-6264-434E-AF84-4408E6381EA9}.Debug|ARM64.Build.0 = Debug|Any CPU
		{0F4F3AD4-6264-434E-AF84-4408E6381EA9}.Debug|iPhone.ActiveCfg = Debug|Any CPU
		{0F4F3AD4-6264-434E-AF84-4408E6381EA9}.Debug|iPhone.Build.0 = Debug|Any CPU
		{0F4F3AD4-6264-434E-AF84-4408E6381EA9}.Debug|iPhoneSimulator.ActiveCfg = Debug|Any CPU
		{0F4F3AD4-6264-434E-AF84-4408E6381EA9}.Debug|iPhoneSimulator.Build.0 = Debug|Any CPU
		{0F4F3AD4-6264-434E-AF84-4408E6381EA9}.Debug|NuGet.ActiveCfg = Debug|Any CPU
		{0F4F3AD4-6264-434E-AF84-4408E6381EA9}.Debug|NuGet.Build.0 = Debug|Any CPU
		{0F4F3AD4-6264-434E-AF84-4408E6381EA9}.Debug|x64.ActiveCfg = Debug|Any CPU
		{0F4F3AD4-6264-434E-AF84-4408E6381EA9}.Debug|x64.Build.0 = Debug|Any CPU
		{0F4F3AD4-6264-434E-AF84-4408E6381EA9}.Debug|x86.ActiveCfg = Debug|Any CPU
		{0F4F3AD4-6264-434E-AF84-4408E6381EA9}.Debug|x86.Build.0 = Debug|Any CPU
		{0F4F3AD4-6264-434E-AF84-4408E6381EA9}.Release|Any CPU.ActiveCfg = Release|Any CPU
		{0F4F3AD4-6264-434E-AF84-4408E6381EA9}.Release|Any CPU.Build.0 = Release|Any CPU
		{0F4F3AD4-6264-434E-AF84-4408E6381EA9}.Release|ARM.ActiveCfg = Release|Any CPU
		{0F4F3AD4-6264-434E-AF84-4408E6381EA9}.Release|ARM.Build.0 = Release|Any CPU
		{0F4F3AD4-6264-434E-AF84-4408E6381EA9}.Release|ARM64.ActiveCfg = Release|Any CPU
		{0F4F3AD4-6264-434E-AF84-4408E6381EA9}.Release|ARM64.Build.0 = Release|Any CPU
		{0F4F3AD4-6264-434E-AF84-4408E6381EA9}.Release|iPhone.ActiveCfg = Release|Any CPU
		{0F4F3AD4-6264-434E-AF84-4408E6381EA9}.Release|iPhone.Build.0 = Release|Any CPU
		{0F4F3AD4-6264-434E-AF84-4408E6381EA9}.Release|iPhoneSimulator.ActiveCfg = Release|Any CPU
		{0F4F3AD4-6264-434E-AF84-4408E6381EA9}.Release|iPhoneSimulator.Build.0 = Release|Any CPU
		{0F4F3AD4-6264-434E-AF84-4408E6381EA9}.Release|NuGet.ActiveCfg = Release|Any CPU
		{0F4F3AD4-6264-434E-AF84-4408E6381EA9}.Release|NuGet.Build.0 = Release|Any CPU
		{0F4F3AD4-6264-434E-AF84-4408E6381EA9}.Release|x64.ActiveCfg = Release|Any CPU
		{0F4F3AD4-6264-434E-AF84-4408E6381EA9}.Release|x64.Build.0 = Release|Any CPU
		{0F4F3AD4-6264-434E-AF84-4408E6381EA9}.Release|x86.ActiveCfg = Release|Any CPU
		{0F4F3AD4-6264-434E-AF84-4408E6381EA9}.Release|x86.Build.0 = Release|Any CPU
		{02DA3557-9634-4F4A-BDDA-3CBB4D177FA8}.Ad-Hoc|Any CPU.ActiveCfg = Debug|Any CPU
		{02DA3557-9634-4F4A-BDDA-3CBB4D177FA8}.Ad-Hoc|Any CPU.Build.0 = Debug|Any CPU
		{02DA3557-9634-4F4A-BDDA-3CBB4D177FA8}.Ad-Hoc|ARM.ActiveCfg = Debug|Any CPU
		{02DA3557-9634-4F4A-BDDA-3CBB4D177FA8}.Ad-Hoc|ARM.Build.0 = Debug|Any CPU
		{02DA3557-9634-4F4A-BDDA-3CBB4D177FA8}.Ad-Hoc|ARM64.ActiveCfg = Debug|Any CPU
		{02DA3557-9634-4F4A-BDDA-3CBB4D177FA8}.Ad-Hoc|ARM64.Build.0 = Debug|Any CPU
		{02DA3557-9634-4F4A-BDDA-3CBB4D177FA8}.Ad-Hoc|iPhone.ActiveCfg = Debug|Any CPU
		{02DA3557-9634-4F4A-BDDA-3CBB4D177FA8}.Ad-Hoc|iPhone.Build.0 = Debug|Any CPU
		{02DA3557-9634-4F4A-BDDA-3CBB4D177FA8}.Ad-Hoc|iPhoneSimulator.ActiveCfg = Debug|Any CPU
		{02DA3557-9634-4F4A-BDDA-3CBB4D177FA8}.Ad-Hoc|iPhoneSimulator.Build.0 = Debug|Any CPU
		{02DA3557-9634-4F4A-BDDA-3CBB4D177FA8}.Ad-Hoc|NuGet.ActiveCfg = Debug|Any CPU
		{02DA3557-9634-4F4A-BDDA-3CBB4D177FA8}.Ad-Hoc|NuGet.Build.0 = Debug|Any CPU
		{02DA3557-9634-4F4A-BDDA-3CBB4D177FA8}.Ad-Hoc|x64.ActiveCfg = Debug|Any CPU
		{02DA3557-9634-4F4A-BDDA-3CBB4D177FA8}.Ad-Hoc|x64.Build.0 = Debug|Any CPU
		{02DA3557-9634-4F4A-BDDA-3CBB4D177FA8}.Ad-Hoc|x86.ActiveCfg = Debug|Any CPU
		{02DA3557-9634-4F4A-BDDA-3CBB4D177FA8}.Ad-Hoc|x86.Build.0 = Debug|Any CPU
		{02DA3557-9634-4F4A-BDDA-3CBB4D177FA8}.AppStore|Any CPU.ActiveCfg = Debug|Any CPU
		{02DA3557-9634-4F4A-BDDA-3CBB4D177FA8}.AppStore|Any CPU.Build.0 = Debug|Any CPU
		{02DA3557-9634-4F4A-BDDA-3CBB4D177FA8}.AppStore|ARM.ActiveCfg = Debug|Any CPU
		{02DA3557-9634-4F4A-BDDA-3CBB4D177FA8}.AppStore|ARM.Build.0 = Debug|Any CPU
		{02DA3557-9634-4F4A-BDDA-3CBB4D177FA8}.AppStore|ARM64.ActiveCfg = Debug|Any CPU
		{02DA3557-9634-4F4A-BDDA-3CBB4D177FA8}.AppStore|ARM64.Build.0 = Debug|Any CPU
		{02DA3557-9634-4F4A-BDDA-3CBB4D177FA8}.AppStore|iPhone.ActiveCfg = Debug|Any CPU
		{02DA3557-9634-4F4A-BDDA-3CBB4D177FA8}.AppStore|iPhone.Build.0 = Debug|Any CPU
		{02DA3557-9634-4F4A-BDDA-3CBB4D177FA8}.AppStore|iPhoneSimulator.ActiveCfg = Debug|Any CPU
		{02DA3557-9634-4F4A-BDDA-3CBB4D177FA8}.AppStore|iPhoneSimulator.Build.0 = Debug|Any CPU
		{02DA3557-9634-4F4A-BDDA-3CBB4D177FA8}.AppStore|NuGet.ActiveCfg = Debug|Any CPU
		{02DA3557-9634-4F4A-BDDA-3CBB4D177FA8}.AppStore|NuGet.Build.0 = Debug|Any CPU
		{02DA3557-9634-4F4A-BDDA-3CBB4D177FA8}.AppStore|x64.ActiveCfg = Debug|Any CPU
		{02DA3557-9634-4F4A-BDDA-3CBB4D177FA8}.AppStore|x64.Build.0 = Debug|Any CPU
		{02DA3557-9634-4F4A-BDDA-3CBB4D177FA8}.AppStore|x86.ActiveCfg = Debug|Any CPU
		{02DA3557-9634-4F4A-BDDA-3CBB4D177FA8}.AppStore|x86.Build.0 = Debug|Any CPU
		{02DA3557-9634-4F4A-BDDA-3CBB4D177FA8}.Debug|Any CPU.ActiveCfg = Debug|Any CPU
		{02DA3557-9634-4F4A-BDDA-3CBB4D177FA8}.Debug|Any CPU.Build.0 = Debug|Any CPU
		{02DA3557-9634-4F4A-BDDA-3CBB4D177FA8}.Debug|ARM.ActiveCfg = Debug|Any CPU
		{02DA3557-9634-4F4A-BDDA-3CBB4D177FA8}.Debug|ARM.Build.0 = Debug|Any CPU
		{02DA3557-9634-4F4A-BDDA-3CBB4D177FA8}.Debug|ARM64.ActiveCfg = Debug|Any CPU
		{02DA3557-9634-4F4A-BDDA-3CBB4D177FA8}.Debug|ARM64.Build.0 = Debug|Any CPU
		{02DA3557-9634-4F4A-BDDA-3CBB4D177FA8}.Debug|iPhone.ActiveCfg = Debug|Any CPU
		{02DA3557-9634-4F4A-BDDA-3CBB4D177FA8}.Debug|iPhone.Build.0 = Debug|Any CPU
		{02DA3557-9634-4F4A-BDDA-3CBB4D177FA8}.Debug|iPhoneSimulator.ActiveCfg = Debug|Any CPU
		{02DA3557-9634-4F4A-BDDA-3CBB4D177FA8}.Debug|iPhoneSimulator.Build.0 = Debug|Any CPU
		{02DA3557-9634-4F4A-BDDA-3CBB4D177FA8}.Debug|NuGet.ActiveCfg = Debug|Any CPU
		{02DA3557-9634-4F4A-BDDA-3CBB4D177FA8}.Debug|NuGet.Build.0 = Debug|Any CPU
		{02DA3557-9634-4F4A-BDDA-3CBB4D177FA8}.Debug|x64.ActiveCfg = Debug|Any CPU
		{02DA3557-9634-4F4A-BDDA-3CBB4D177FA8}.Debug|x64.Build.0 = Debug|Any CPU
		{02DA3557-9634-4F4A-BDDA-3CBB4D177FA8}.Debug|x86.ActiveCfg = Debug|Any CPU
		{02DA3557-9634-4F4A-BDDA-3CBB4D177FA8}.Debug|x86.Build.0 = Debug|Any CPU
		{02DA3557-9634-4F4A-BDDA-3CBB4D177FA8}.Release|Any CPU.ActiveCfg = Release|Any CPU
		{02DA3557-9634-4F4A-BDDA-3CBB4D177FA8}.Release|Any CPU.Build.0 = Release|Any CPU
		{02DA3557-9634-4F4A-BDDA-3CBB4D177FA8}.Release|ARM.ActiveCfg = Release|Any CPU
		{02DA3557-9634-4F4A-BDDA-3CBB4D177FA8}.Release|ARM.Build.0 = Release|Any CPU
		{02DA3557-9634-4F4A-BDDA-3CBB4D177FA8}.Release|ARM64.ActiveCfg = Release|Any CPU
		{02DA3557-9634-4F4A-BDDA-3CBB4D177FA8}.Release|ARM64.Build.0 = Release|Any CPU
		{02DA3557-9634-4F4A-BDDA-3CBB4D177FA8}.Release|iPhone.ActiveCfg = Release|Any CPU
		{02DA3557-9634-4F4A-BDDA-3CBB4D177FA8}.Release|iPhone.Build.0 = Release|Any CPU
		{02DA3557-9634-4F4A-BDDA-3CBB4D177FA8}.Release|iPhoneSimulator.ActiveCfg = Release|Any CPU
		{02DA3557-9634-4F4A-BDDA-3CBB4D177FA8}.Release|iPhoneSimulator.Build.0 = Release|Any CPU
		{02DA3557-9634-4F4A-BDDA-3CBB4D177FA8}.Release|NuGet.ActiveCfg = Release|Any CPU
		{02DA3557-9634-4F4A-BDDA-3CBB4D177FA8}.Release|NuGet.Build.0 = Release|Any CPU
		{02DA3557-9634-4F4A-BDDA-3CBB4D177FA8}.Release|x64.ActiveCfg = Release|Any CPU
		{02DA3557-9634-4F4A-BDDA-3CBB4D177FA8}.Release|x64.Build.0 = Release|Any CPU
		{02DA3557-9634-4F4A-BDDA-3CBB4D177FA8}.Release|x86.ActiveCfg = Release|Any CPU
		{02DA3557-9634-4F4A-BDDA-3CBB4D177FA8}.Release|x86.Build.0 = Release|Any CPU
		{7FA6FBE0-F56C-4600-A52D-FF6A1B393FA3}.Ad-Hoc|Any CPU.ActiveCfg = Debug|Any CPU
		{7FA6FBE0-F56C-4600-A52D-FF6A1B393FA3}.Ad-Hoc|Any CPU.Build.0 = Debug|Any CPU
		{7FA6FBE0-F56C-4600-A52D-FF6A1B393FA3}.Ad-Hoc|ARM.ActiveCfg = Debug|Any CPU
		{7FA6FBE0-F56C-4600-A52D-FF6A1B393FA3}.Ad-Hoc|ARM.Build.0 = Debug|Any CPU
		{7FA6FBE0-F56C-4600-A52D-FF6A1B393FA3}.Ad-Hoc|ARM64.ActiveCfg = Debug|Any CPU
		{7FA6FBE0-F56C-4600-A52D-FF6A1B393FA3}.Ad-Hoc|ARM64.Build.0 = Debug|Any CPU
		{7FA6FBE0-F56C-4600-A52D-FF6A1B393FA3}.Ad-Hoc|iPhone.ActiveCfg = Debug|Any CPU
		{7FA6FBE0-F56C-4600-A52D-FF6A1B393FA3}.Ad-Hoc|iPhone.Build.0 = Debug|Any CPU
		{7FA6FBE0-F56C-4600-A52D-FF6A1B393FA3}.Ad-Hoc|iPhoneSimulator.ActiveCfg = Debug|Any CPU
		{7FA6FBE0-F56C-4600-A52D-FF6A1B393FA3}.Ad-Hoc|iPhoneSimulator.Build.0 = Debug|Any CPU
		{7FA6FBE0-F56C-4600-A52D-FF6A1B393FA3}.Ad-Hoc|NuGet.ActiveCfg = Debug|Any CPU
		{7FA6FBE0-F56C-4600-A52D-FF6A1B393FA3}.Ad-Hoc|NuGet.Build.0 = Debug|Any CPU
		{7FA6FBE0-F56C-4600-A52D-FF6A1B393FA3}.Ad-Hoc|x64.ActiveCfg = Debug|Any CPU
		{7FA6FBE0-F56C-4600-A52D-FF6A1B393FA3}.Ad-Hoc|x64.Build.0 = Debug|Any CPU
		{7FA6FBE0-F56C-4600-A52D-FF6A1B393FA3}.Ad-Hoc|x86.ActiveCfg = Debug|Any CPU
		{7FA6FBE0-F56C-4600-A52D-FF6A1B393FA3}.Ad-Hoc|x86.Build.0 = Debug|Any CPU
		{7FA6FBE0-F56C-4600-A52D-FF6A1B393FA3}.AppStore|Any CPU.ActiveCfg = Debug|Any CPU
		{7FA6FBE0-F56C-4600-A52D-FF6A1B393FA3}.AppStore|Any CPU.Build.0 = Debug|Any CPU
		{7FA6FBE0-F56C-4600-A52D-FF6A1B393FA3}.AppStore|ARM.ActiveCfg = Debug|Any CPU
		{7FA6FBE0-F56C-4600-A52D-FF6A1B393FA3}.AppStore|ARM.Build.0 = Debug|Any CPU
		{7FA6FBE0-F56C-4600-A52D-FF6A1B393FA3}.AppStore|ARM64.ActiveCfg = Debug|Any CPU
		{7FA6FBE0-F56C-4600-A52D-FF6A1B393FA3}.AppStore|ARM64.Build.0 = Debug|Any CPU
		{7FA6FBE0-F56C-4600-A52D-FF6A1B393FA3}.AppStore|iPhone.ActiveCfg = Debug|Any CPU
		{7FA6FBE0-F56C-4600-A52D-FF6A1B393FA3}.AppStore|iPhone.Build.0 = Debug|Any CPU
		{7FA6FBE0-F56C-4600-A52D-FF6A1B393FA3}.AppStore|iPhoneSimulator.ActiveCfg = Debug|Any CPU
		{7FA6FBE0-F56C-4600-A52D-FF6A1B393FA3}.AppStore|iPhoneSimulator.Build.0 = Debug|Any CPU
		{7FA6FBE0-F56C-4600-A52D-FF6A1B393FA3}.AppStore|NuGet.ActiveCfg = Debug|Any CPU
		{7FA6FBE0-F56C-4600-A52D-FF6A1B393FA3}.AppStore|NuGet.Build.0 = Debug|Any CPU
		{7FA6FBE0-F56C-4600-A52D-FF6A1B393FA3}.AppStore|x64.ActiveCfg = Debug|Any CPU
		{7FA6FBE0-F56C-4600-A52D-FF6A1B393FA3}.AppStore|x64.Build.0 = Debug|Any CPU
		{7FA6FBE0-F56C-4600-A52D-FF6A1B393FA3}.AppStore|x86.ActiveCfg = Debug|Any CPU
		{7FA6FBE0-F56C-4600-A52D-FF6A1B393FA3}.AppStore|x86.Build.0 = Debug|Any CPU
		{7FA6FBE0-F56C-4600-A52D-FF6A1B393FA3}.Debug|Any CPU.ActiveCfg = Debug|Any CPU
		{7FA6FBE0-F56C-4600-A52D-FF6A1B393FA3}.Debug|Any CPU.Build.0 = Debug|Any CPU
		{7FA6FBE0-F56C-4600-A52D-FF6A1B393FA3}.Debug|ARM.ActiveCfg = Debug|Any CPU
		{7FA6FBE0-F56C-4600-A52D-FF6A1B393FA3}.Debug|ARM.Build.0 = Debug|Any CPU
		{7FA6FBE0-F56C-4600-A52D-FF6A1B393FA3}.Debug|ARM64.ActiveCfg = Debug|Any CPU
		{7FA6FBE0-F56C-4600-A52D-FF6A1B393FA3}.Debug|ARM64.Build.0 = Debug|Any CPU
		{7FA6FBE0-F56C-4600-A52D-FF6A1B393FA3}.Debug|iPhone.ActiveCfg = Debug|Any CPU
		{7FA6FBE0-F56C-4600-A52D-FF6A1B393FA3}.Debug|iPhone.Build.0 = Debug|Any CPU
		{7FA6FBE0-F56C-4600-A52D-FF6A1B393FA3}.Debug|iPhoneSimulator.ActiveCfg = Debug|Any CPU
		{7FA6FBE0-F56C-4600-A52D-FF6A1B393FA3}.Debug|iPhoneSimulator.Build.0 = Debug|Any CPU
		{7FA6FBE0-F56C-4600-A52D-FF6A1B393FA3}.Debug|NuGet.ActiveCfg = Debug|Any CPU
		{7FA6FBE0-F56C-4600-A52D-FF6A1B393FA3}.Debug|NuGet.Build.0 = Debug|Any CPU
		{7FA6FBE0-F56C-4600-A52D-FF6A1B393FA3}.Debug|x64.ActiveCfg = Debug|Any CPU
		{7FA6FBE0-F56C-4600-A52D-FF6A1B393FA3}.Debug|x64.Build.0 = Debug|Any CPU
		{7FA6FBE0-F56C-4600-A52D-FF6A1B393FA3}.Debug|x86.ActiveCfg = Debug|Any CPU
		{7FA6FBE0-F56C-4600-A52D-FF6A1B393FA3}.Debug|x86.Build.0 = Debug|Any CPU
		{7FA6FBE0-F56C-4600-A52D-FF6A1B393FA3}.Release|Any CPU.ActiveCfg = Release|Any CPU
		{7FA6FBE0-F56C-4600-A52D-FF6A1B393FA3}.Release|Any CPU.Build.0 = Release|Any CPU
		{7FA6FBE0-F56C-4600-A52D-FF6A1B393FA3}.Release|ARM.ActiveCfg = Release|Any CPU
		{7FA6FBE0-F56C-4600-A52D-FF6A1B393FA3}.Release|ARM.Build.0 = Release|Any CPU
		{7FA6FBE0-F56C-4600-A52D-FF6A1B393FA3}.Release|ARM64.ActiveCfg = Release|Any CPU
		{7FA6FBE0-F56C-4600-A52D-FF6A1B393FA3}.Release|ARM64.Build.0 = Release|Any CPU
		{7FA6FBE0-F56C-4600-A52D-FF6A1B393FA3}.Release|iPhone.ActiveCfg = Release|Any CPU
		{7FA6FBE0-F56C-4600-A52D-FF6A1B393FA3}.Release|iPhone.Build.0 = Release|Any CPU
		{7FA6FBE0-F56C-4600-A52D-FF6A1B393FA3}.Release|iPhoneSimulator.ActiveCfg = Release|Any CPU
		{7FA6FBE0-F56C-4600-A52D-FF6A1B393FA3}.Release|iPhoneSimulator.Build.0 = Release|Any CPU
		{7FA6FBE0-F56C-4600-A52D-FF6A1B393FA3}.Release|NuGet.ActiveCfg = Release|Any CPU
		{7FA6FBE0-F56C-4600-A52D-FF6A1B393FA3}.Release|NuGet.Build.0 = Release|Any CPU
		{7FA6FBE0-F56C-4600-A52D-FF6A1B393FA3}.Release|x64.ActiveCfg = Release|Any CPU
		{7FA6FBE0-F56C-4600-A52D-FF6A1B393FA3}.Release|x64.Build.0 = Release|Any CPU
		{7FA6FBE0-F56C-4600-A52D-FF6A1B393FA3}.Release|x86.ActiveCfg = Release|Any CPU
		{7FA6FBE0-F56C-4600-A52D-FF6A1B393FA3}.Release|x86.Build.0 = Release|Any CPU
		{140C9950-099A-44E2-8627-9644733D6C3F}.Ad-Hoc|Any CPU.ActiveCfg = Debug|Any CPU
		{140C9950-099A-44E2-8627-9644733D6C3F}.Ad-Hoc|Any CPU.Build.0 = Debug|Any CPU
		{140C9950-099A-44E2-8627-9644733D6C3F}.Ad-Hoc|ARM.ActiveCfg = Debug|Any CPU
		{140C9950-099A-44E2-8627-9644733D6C3F}.Ad-Hoc|ARM.Build.0 = Debug|Any CPU
		{140C9950-099A-44E2-8627-9644733D6C3F}.Ad-Hoc|ARM64.ActiveCfg = Debug|Any CPU
		{140C9950-099A-44E2-8627-9644733D6C3F}.Ad-Hoc|ARM64.Build.0 = Debug|Any CPU
		{140C9950-099A-44E2-8627-9644733D6C3F}.Ad-Hoc|iPhone.ActiveCfg = Debug|Any CPU
		{140C9950-099A-44E2-8627-9644733D6C3F}.Ad-Hoc|iPhone.Build.0 = Debug|Any CPU
		{140C9950-099A-44E2-8627-9644733D6C3F}.Ad-Hoc|iPhoneSimulator.ActiveCfg = Debug|Any CPU
		{140C9950-099A-44E2-8627-9644733D6C3F}.Ad-Hoc|iPhoneSimulator.Build.0 = Debug|Any CPU
		{140C9950-099A-44E2-8627-9644733D6C3F}.Ad-Hoc|NuGet.ActiveCfg = Debug|Any CPU
		{140C9950-099A-44E2-8627-9644733D6C3F}.Ad-Hoc|NuGet.Build.0 = Debug|Any CPU
		{140C9950-099A-44E2-8627-9644733D6C3F}.Ad-Hoc|x64.ActiveCfg = Debug|Any CPU
		{140C9950-099A-44E2-8627-9644733D6C3F}.Ad-Hoc|x64.Build.0 = Debug|Any CPU
		{140C9950-099A-44E2-8627-9644733D6C3F}.Ad-Hoc|x86.ActiveCfg = Debug|Any CPU
		{140C9950-099A-44E2-8627-9644733D6C3F}.Ad-Hoc|x86.Build.0 = Debug|Any CPU
		{140C9950-099A-44E2-8627-9644733D6C3F}.AppStore|Any CPU.ActiveCfg = Debug|Any CPU
		{140C9950-099A-44E2-8627-9644733D6C3F}.AppStore|Any CPU.Build.0 = Debug|Any CPU
		{140C9950-099A-44E2-8627-9644733D6C3F}.AppStore|ARM.ActiveCfg = Debug|Any CPU
		{140C9950-099A-44E2-8627-9644733D6C3F}.AppStore|ARM.Build.0 = Debug|Any CPU
		{140C9950-099A-44E2-8627-9644733D6C3F}.AppStore|ARM64.ActiveCfg = Debug|Any CPU
		{140C9950-099A-44E2-8627-9644733D6C3F}.AppStore|ARM64.Build.0 = Debug|Any CPU
		{140C9950-099A-44E2-8627-9644733D6C3F}.AppStore|iPhone.ActiveCfg = Debug|Any CPU
		{140C9950-099A-44E2-8627-9644733D6C3F}.AppStore|iPhone.Build.0 = Debug|Any CPU
		{140C9950-099A-44E2-8627-9644733D6C3F}.AppStore|iPhoneSimulator.ActiveCfg = Debug|Any CPU
		{140C9950-099A-44E2-8627-9644733D6C3F}.AppStore|iPhoneSimulator.Build.0 = Debug|Any CPU
		{140C9950-099A-44E2-8627-9644733D6C3F}.AppStore|NuGet.ActiveCfg = Debug|Any CPU
		{140C9950-099A-44E2-8627-9644733D6C3F}.AppStore|NuGet.Build.0 = Debug|Any CPU
		{140C9950-099A-44E2-8627-9644733D6C3F}.AppStore|x64.ActiveCfg = Debug|Any CPU
		{140C9950-099A-44E2-8627-9644733D6C3F}.AppStore|x64.Build.0 = Debug|Any CPU
		{140C9950-099A-44E2-8627-9644733D6C3F}.AppStore|x86.ActiveCfg = Debug|Any CPU
		{140C9950-099A-44E2-8627-9644733D6C3F}.AppStore|x86.Build.0 = Debug|Any CPU
		{140C9950-099A-44E2-8627-9644733D6C3F}.Debug|Any CPU.ActiveCfg = Debug|Any CPU
		{140C9950-099A-44E2-8627-9644733D6C3F}.Debug|Any CPU.Build.0 = Debug|Any CPU
		{140C9950-099A-44E2-8627-9644733D6C3F}.Debug|ARM.ActiveCfg = Debug|Any CPU
		{140C9950-099A-44E2-8627-9644733D6C3F}.Debug|ARM.Build.0 = Debug|Any CPU
		{140C9950-099A-44E2-8627-9644733D6C3F}.Debug|ARM64.ActiveCfg = Debug|Any CPU
		{140C9950-099A-44E2-8627-9644733D6C3F}.Debug|ARM64.Build.0 = Debug|Any CPU
		{140C9950-099A-44E2-8627-9644733D6C3F}.Debug|iPhone.ActiveCfg = Debug|Any CPU
		{140C9950-099A-44E2-8627-9644733D6C3F}.Debug|iPhone.Build.0 = Debug|Any CPU
		{140C9950-099A-44E2-8627-9644733D6C3F}.Debug|iPhoneSimulator.ActiveCfg = Debug|Any CPU
		{140C9950-099A-44E2-8627-9644733D6C3F}.Debug|iPhoneSimulator.Build.0 = Debug|Any CPU
		{140C9950-099A-44E2-8627-9644733D6C3F}.Debug|NuGet.ActiveCfg = Debug|Any CPU
		{140C9950-099A-44E2-8627-9644733D6C3F}.Debug|NuGet.Build.0 = Debug|Any CPU
		{140C9950-099A-44E2-8627-9644733D6C3F}.Debug|x64.ActiveCfg = Debug|Any CPU
		{140C9950-099A-44E2-8627-9644733D6C3F}.Debug|x64.Build.0 = Debug|Any CPU
		{140C9950-099A-44E2-8627-9644733D6C3F}.Debug|x86.ActiveCfg = Debug|Any CPU
		{140C9950-099A-44E2-8627-9644733D6C3F}.Debug|x86.Build.0 = Debug|Any CPU
		{140C9950-099A-44E2-8627-9644733D6C3F}.Release|Any CPU.ActiveCfg = Release|Any CPU
		{140C9950-099A-44E2-8627-9644733D6C3F}.Release|Any CPU.Build.0 = Release|Any CPU
		{140C9950-099A-44E2-8627-9644733D6C3F}.Release|ARM.ActiveCfg = Release|Any CPU
		{140C9950-099A-44E2-8627-9644733D6C3F}.Release|ARM.Build.0 = Release|Any CPU
		{140C9950-099A-44E2-8627-9644733D6C3F}.Release|ARM64.ActiveCfg = Release|Any CPU
		{140C9950-099A-44E2-8627-9644733D6C3F}.Release|ARM64.Build.0 = Release|Any CPU
		{140C9950-099A-44E2-8627-9644733D6C3F}.Release|iPhone.ActiveCfg = Release|Any CPU
		{140C9950-099A-44E2-8627-9644733D6C3F}.Release|iPhone.Build.0 = Release|Any CPU
		{140C9950-099A-44E2-8627-9644733D6C3F}.Release|iPhoneSimulator.ActiveCfg = Release|Any CPU
		{140C9950-099A-44E2-8627-9644733D6C3F}.Release|iPhoneSimulator.Build.0 = Release|Any CPU
		{140C9950-099A-44E2-8627-9644733D6C3F}.Release|NuGet.ActiveCfg = Release|Any CPU
		{140C9950-099A-44E2-8627-9644733D6C3F}.Release|NuGet.Build.0 = Release|Any CPU
		{140C9950-099A-44E2-8627-9644733D6C3F}.Release|x64.ActiveCfg = Release|Any CPU
		{140C9950-099A-44E2-8627-9644733D6C3F}.Release|x64.Build.0 = Release|Any CPU
		{140C9950-099A-44E2-8627-9644733D6C3F}.Release|x86.ActiveCfg = Release|Any CPU
		{140C9950-099A-44E2-8627-9644733D6C3F}.Release|x86.Build.0 = Release|Any CPU
	EndGlobalSection
	GlobalSection(SolutionProperties) = preSolution
		HideSolutionNode = FALSE
	EndGlobalSection
	GlobalSection(NestedProjects) = preSolution
		{0F4F3AD4-6264-434E-AF84-4408E6381EA9} = {FFE6CC9A-14CF-4490-BD95-1824939528DC}
		{6279C845-92F8-4333-AB99-3D213163593C} = {C44797EE-F598-44A8-9620-7D9A1FA012C6}
		{02DA3557-9634-4F4A-BDDA-3CBB4D177FA8} = {FFE6CC9A-14CF-4490-BD95-1824939528DC}
		{7FA6FBE0-F56C-4600-A52D-FF6A1B393FA3} = {FFE6CC9A-14CF-4490-BD95-1824939528DC}
		{84F0F4C5-C882-45D7-BF18-F24DC56F6DA9} = {FFE6CC9A-14CF-4490-BD95-1824939528DC}
		{3042C0B4-7E9C-49BA-890B-DADDBFA76D85} = {FFE6CC9A-14CF-4490-BD95-1824939528DC}
		{140C9950-099A-44E2-8627-9644733D6C3F} = {FFE6CC9A-14CF-4490-BD95-1824939528DC}
	EndGlobalSection
	GlobalSection(ExtensibilityGlobals) = postSolution
		SolutionGuid = {A11328CB-A3FE-4BA9-9F1F-87296C0B351C}
	EndGlobalSection
	GlobalSection(SharedMSBuildProjectFiles) = preSolution
		src\GeolocatorService.Shared\GeolocatorService.Shared.projitems*{02da3557-9634-4f4a-bdda-3cbb4d177fa8}*SharedItemsImports = 5
		src\GeolocatorService.Shared\GeolocatorService.Shared.projitems*{0f4f3ad4-6264-434e-af84-4408e6381ea9}*SharedItemsImports = 5
		src\GeolocatorService.Reactive.Shared\GeolocatorService.Reactive.Shared.projitems*{3042c0b4-7e9c-49ba-890b-daddbfa76d85}*SharedItemsImports = 13
		src\GeolocatorService.Samples\GeolocatorService.Samples.Shared\GeolocatorService.Samples.Shared.projitems*{6279c845-92f8-4333-ab99-3d213163593c}*SharedItemsImports = 13
		src\GeolocatorService.Reactive.Shared\GeolocatorService.Reactive.Shared.projitems*{7fa6fbe0-f56c-4600-a52d-ff6a1b393fa3}*SharedItemsImports = 5
		src\GeolocatorService.Shared\GeolocatorService.Shared.projitems*{84f0f4c5-c882-45d7-bf18-f24dc56f6da9}*SharedItemsImports = 13
	EndGlobalSection
EndGlobal
